
Microsoft Visual Studio Solution File, Format Version 12.00
# Visual Studio Version 16
VisualStudioVersion = 16.0.29709.97
MinimumVisualStudioVersion = 10.0.40219.1
Project("{FAE04EC0-301F-11D3-BF4B-00C04F79EFBC}") = "Kalkulator", "Kalkulator\Kalkulator.csproj", "{2B122DA3-7762-4D47-B1F9-35E332BD6647}"
EndProject
Global
	GlobalSection(SolutionConfigurationPlatforms) = preSolution
		Debug|Any CPU = Debug|Any CPU
		Release|Any CPU = Release|Any CPU
	EndGlobalSection
	GlobalSection(ProjectConfigurationPlatforms) = postSolution
		{2B122DA3-7762-4D47-B1F9-35E332BD6647}.Debug|Any CPU.ActiveCfg = Debug|Any CPU
		{2B122DA3-7762-4D47-B1F9-35E332BD6647}.Debug|Any CPU.Build.0 = Debug|Any CPU
		{2B122DA3-7762-4D47-B1F9-35E332BD6647}.Release|Any CPU.ActiveCfg = Release|Any CPU
		{2B122DA3-7762-4D47-B1F9-35E332BD6647}.Release|Any CPU.Build.0 = Release|Any CPU
	EndGlobalSection
	GlobalSection(SolutionProperties) = preSolution
		HideSolutionNode = FALSE
	EndGlobalSection
	GlobalSection(ExtensibilityGlobals) = postSolution
		SolutionGuid = {C4F47AA8-5676-40E1-AD14-03855265C1B6}
	EndGlobalSection
EndGlobal
